// !$*UTF8*$!
{
	archiveVersion = 1;
	classes = {
	};
	objectVersion = 46;
	objects = {

/* Begin PBXBuildFile section */
		6CDDB436CDAC0532173397FB /* libPods-ZhiHuDaily.a in Frameworks */ = {isa = PBXBuildFile; fileRef = 6AC65C4B5CF5F81E50E6980D /* libPods-ZhiHuDaily.a */; };
		BC1D9B5E1D66E3A000E90F9D /* GNStoryCell.m in Sources */ = {isa = PBXBuildFile; fileRef = BC1D9B5C1D66E3A000E90F9D /* GNStoryCell.m */; };
		BC1D9B5F1D66E3A000E90F9D /* GNStoryCell.xib in Resources */ = {isa = PBXBuildFile; fileRef = BC1D9B5D1D66E3A000E90F9D /* GNStoryCell.xib */; };
		BC1D9B631D671C8B00E90F9D /* GNSideMenuViewController.m in Sources */ = {isa = PBXBuildFile; fileRef = BC1D9B611D671C8B00E90F9D /* GNSideMenuViewController.m */; };
		BC1D9B641D671C8B00E90F9D /* GNSideMenuViewController.xib in Resources */ = {isa = PBXBuildFile; fileRef = BC1D9B621D671C8B00E90F9D /* GNSideMenuViewController.xib */; };
		BC1D9B681D6767DC00E90F9D /* GNSideMenuCell.m in Sources */ = {isa = PBXBuildFile; fileRef = BC1D9B661D6767DC00E90F9D /* GNSideMenuCell.m */; };
		BC1D9B691D6767DC00E90F9D /* GNSideMenuCell.xib in Resources */ = {isa = PBXBuildFile; fileRef = BC1D9B671D6767DC00E90F9D /* GNSideMenuCell.xib */; };
		BC68A2F91D61BA9C00134CA2 /* main.m in Sources */ = {isa = PBXBuildFile; fileRef = BC68A2F81D61BA9C00134CA2 /* main.m */; };
		BC68A2FC1D61BA9C00134CA2 /* AppDelegate.m in Sources */ = {isa = PBXBuildFile; fileRef = BC68A2FB1D61BA9C00134CA2 /* AppDelegate.m */; };
		BC68A3021D61BA9C00134CA2 /* Main.storyboard in Resources */ = {isa = PBXBuildFile; fileRef = BC68A3001D61BA9C00134CA2 /* Main.storyboard */; };
		BC68A3041D61BA9C00134CA2 /* Assets.xcassets in Resources */ = {isa = PBXBuildFile; fileRef = BC68A3031D61BA9C00134CA2 /* Assets.xcassets */; };
		BC68A3071D61BA9C00134CA2 /* LaunchScreen.storyboard in Resources */ = {isa = PBXBuildFile; fileRef = BC68A3051D61BA9C00134CA2 /* LaunchScreen.storyboard */; };
		BC68A3151D61BC2200134CA2 /* GNDataUtils.m in Sources */ = {isa = PBXBuildFile; fileRef = BC68A3141D61BC2200134CA2 /* GNDataUtils.m */; };
		BCB645921D645BF300706DDB /* HomeViewController.m in Sources */ = {isa = PBXBuildFile; fileRef = BCB645911D645BF300706DDB /* HomeViewController.m */; };
		BCF472581D659CF000B17ACB /* GNStory.m in Sources */ = {isa = PBXBuildFile; fileRef = BCF472571D659CF000B17ACB /* GNStory.m */; };
		BCF4725B1D659DF600B17ACB /* GNTopStory.m in Sources */ = {isa = PBXBuildFile; fileRef = BCF4725A1D659DF600B17ACB /* GNTopStory.m */; };
		BCF472641D65B66800B17ACB /* GNBannerView.m in Sources */ = {isa = PBXBuildFile; fileRef = BCF472631D65B66800B17ACB /* GNBannerView.m */; };
		BCF472661D65B68C00B17ACB /* GNBannerView.xib in Resources */ = {isa = PBXBuildFile; fileRef = BCF472651D65B68C00B17ACB /* GNBannerView.xib */; };
		BCF472691D65BF3300B17ACB /* GNCarouselView.m in Sources */ = {isa = PBXBuildFile; fileRef = BCF472681D65BF3300B17ACB /* GNCarouselView.m */; };
		BCF4726B1D65BF5700B17ACB /* GNCarouselView.xib in Resources */ = {isa = PBXBuildFile; fileRef = BCF4726A1D65BF5700B17ACB /* GNCarouselView.xib */; };
/* End PBXBuildFile section */

/* Begin PBXFileReference section */
		4D1D668AD06A4D89FA8CE809 /* Pods-ZhiHuDaily.release.xcconfig */ = {isa = PBXFileReference; includeInIndex = 1; lastKnownFileType = text.xcconfig; name = "Pods-ZhiHuDaily.release.xcconfig"; path = "Pods/Target Support Files/Pods-ZhiHuDaily/Pods-ZhiHuDaily.release.xcconfig"; sourceTree = "<group>"; };
		6AC65C4B5CF5F81E50E6980D /* libPods-ZhiHuDaily.a */ = {isa = PBXFileReference; explicitFileType = archive.ar; includeInIndex = 0; path = "libPods-ZhiHuDaily.a"; sourceTree = BUILT_PRODUCTS_DIR; };
		AC3A272BC98A4D0ED6975AD0 /* Pods-ZhiHuDaily.debug.xcconfig */ = {isa = PBXFileReference; includeInIndex = 1; lastKnownFileType = text.xcconfig; name = "Pods-ZhiHuDaily.debug.xcconfig"; path = "Pods/Target Support Files/Pods-ZhiHuDaily/Pods-ZhiHuDaily.debug.xcconfig"; sourceTree = "<group>"; };
		BC1D9B5B1D66E3A000E90F9D /* GNStoryCell.h */ = {isa = PBXFileReference; fileEncoding = 4; lastKnownFileType = sourcecode.c.h; path = GNStoryCell.h; sourceTree = "<group>"; };
		BC1D9B5C1D66E3A000E90F9D /* GNStoryCell.m */ = {isa = PBXFileReference; fileEncoding = 4; lastKnownFileType = sourcecode.c.objc; path = GNStoryCell.m; sourceTree = "<group>"; };
		BC1D9B5D1D66E3A000E90F9D /* GNStoryCell.xib */ = {isa = PBXFileReference; fileEncoding = 4; lastKnownFileType = file.xib; path = GNStoryCell.xib; sourceTree = "<group>"; };
		BC1D9B601D671C8B00E90F9D /* GNSideMenuViewController.h */ = {isa = PBXFileReference; fileEncoding = 4; lastKnownFileType = sourcecode.c.h; path = GNSideMenuViewController.h; sourceTree = "<group>"; };
		BC1D9B611D671C8B00E90F9D /* GNSideMenuViewController.m */ = {isa = PBXFileReference; fileEncoding = 4; lastKnownFileType = sourcecode.c.objc; path = GNSideMenuViewController.m; sourceTree = "<group>"; };
		BC1D9B621D671C8B00E90F9D /* GNSideMenuViewController.xib */ = {isa = PBXFileReference; fileEncoding = 4; lastKnownFileType = file.xib; path = GNSideMenuViewController.xib; sourceTree = "<group>"; };
		BC1D9B651D6767DC00E90F9D /* GNSideMenuCell.h */ = {isa = PBXFileReference; fileEncoding = 4; lastKnownFileType = sourcecode.c.h; path = GNSideMenuCell.h; sourceTree = "<group>"; };
		BC1D9B661D6767DC00E90F9D /* GNSideMenuCell.m */ = {isa = PBXFileReference; fileEncoding = 4; lastKnownFileType = sourcecode.c.objc; path = GNSideMenuCell.m; sourceTree = "<group>"; };
		BC1D9B671D6767DC00E90F9D /* GNSideMenuCell.xib */ = {isa = PBXFileReference; fileEncoding = 4; lastKnownFileType = file.xib; path = GNSideMenuCell.xib; sourceTree = "<group>"; };
		BC68A2F41D61BA9C00134CA2 /* ZhiHuDaily.app */ = {isa = PBXFileReference; explicitFileType = wrapper.application; includeInIndex = 0; path = ZhiHuDaily.app; sourceTree = BUILT_PRODUCTS_DIR; };
		BC68A2F81D61BA9C00134CA2 /* main.m */ = {isa = PBXFileReference; lastKnownFileType = sourcecode.c.objc; path = main.m; sourceTree = "<group>"; };
		BC68A2FA1D61BA9C00134CA2 /* AppDelegate.h */ = {isa = PBXFileReference; lastKnownFileType = sourcecode.c.h; path = AppDelegate.h; sourceTree = "<group>"; };
		BC68A2FB1D61BA9C00134CA2 /* AppDelegate.m */ = {isa = PBXFileReference; lastKnownFileType = sourcecode.c.objc; path = AppDelegate.m; sourceTree = "<group>"; };
		BC68A3011D61BA9C00134CA2 /* Base */ = {isa = PBXFileReference; lastKnownFileType = file.storyboard; name = Base; path = Base.lproj/Main.storyboard; sourceTree = "<group>"; };
		BC68A3031D61BA9C00134CA2 /* Assets.xcassets */ = {isa = PBXFileReference; lastKnownFileType = folder.assetcatalog; path = Assets.xcassets; sourceTree = "<group>"; };
		BC68A3061D61BA9C00134CA2 /* Base */ = {isa = PBXFileReference; lastKnownFileType = file.storyboard; name = Base; path = Base.lproj/LaunchScreen.storyboard; sourceTree = "<group>"; };
		BC68A3081D61BA9C00134CA2 /* Info.plist */ = {isa = PBXFileReference; lastKnownFileType = text.plist.xml; path = Info.plist; sourceTree = "<group>"; };
		BC68A3131D61BC2200134CA2 /* GNDataUtils.h */ = {isa = PBXFileReference; fileEncoding = 4; lastKnownFileType = sourcecode.c.h; path = GNDataUtils.h; sourceTree = "<group>"; };
		BC68A3141D61BC2200134CA2 /* GNDataUtils.m */ = {isa = PBXFileReference; fileEncoding = 4; lastKnownFileType = sourcecode.c.objc; path = GNDataUtils.m; sourceTree = "<group>"; };
		BCB645901D645BF300706DDB /* HomeViewController.h */ = {isa = PBXFileReference; fileEncoding = 4; lastKnownFileType = sourcecode.c.h; path = HomeViewController.h; sourceTree = "<group>"; };
		BCB645911D645BF300706DDB /* HomeViewController.m */ = {isa = PBXFileReference; fileEncoding = 4; lastKnownFileType = sourcecode.c.objc; path = HomeViewController.m; sourceTree = "<group>"; };
		BCF472561D659CF000B17ACB /* GNStory.h */ = {isa = PBXFileReference; fileEncoding = 4; lastKnownFileType = sourcecode.c.h; path = GNStory.h; sourceTree = "<group>"; };
		BCF472571D659CF000B17ACB /* GNStory.m */ = {isa = PBXFileReference; fileEncoding = 4; lastKnownFileType = sourcecode.c.objc; path = GNStory.m; sourceTree = "<group>"; };
		BCF472591D659DF600B17ACB /* GNTopStory.h */ = {isa = PBXFileReference; fileEncoding = 4; lastKnownFileType = sourcecode.c.h; path = GNTopStory.h; sourceTree = "<group>"; };
		BCF4725A1D659DF600B17ACB /* GNTopStory.m */ = {isa = PBXFileReference; fileEncoding = 4; lastKnownFileType = sourcecode.c.objc; path = GNTopStory.m; sourceTree = "<group>"; };
		BCF472621D65B66800B17ACB /* GNBannerView.h */ = {isa = PBXFileReference; fileEncoding = 4; lastKnownFileType = sourcecode.c.h; path = GNBannerView.h; sourceTree = "<group>"; };
		BCF472631D65B66800B17ACB /* GNBannerView.m */ = {isa = PBXFileReference; fileEncoding = 4; lastKnownFileType = sourcecode.c.objc; path = GNBannerView.m; sourceTree = "<group>"; };
		BCF472651D65B68C00B17ACB /* GNBannerView.xib */ = {isa = PBXFileReference; fileEncoding = 4; lastKnownFileType = file.xib; path = GNBannerView.xib; sourceTree = "<group>"; };
		BCF472671D65BF3300B17ACB /* GNCarouselView.h */ = {isa = PBXFileReference; fileEncoding = 4; lastKnownFileType = sourcecode.c.h; path = GNCarouselView.h; sourceTree = "<group>"; };
		BCF472681D65BF3300B17ACB /* GNCarouselView.m */ = {isa = PBXFileReference; fileEncoding = 4; lastKnownFileType = sourcecode.c.objc; path = GNCarouselView.m; sourceTree = "<group>"; };
		BCF4726A1D65BF5700B17ACB /* GNCarouselView.xib */ = {isa = PBXFileReference; fileEncoding = 4; lastKnownFileType = file.xib; path = GNCarouselView.xib; sourceTree = "<group>"; };
/* End PBXFileReference section */

/* Begin PBXFrameworksBuildPhase section */
		BC68A2F11D61BA9C00134CA2 /* Frameworks */ = {
			isa = PBXFrameworksBuildPhase;
			buildActionMask = 2147483647;
			files = (
				6CDDB436CDAC0532173397FB /* libPods-ZhiHuDaily.a in Frameworks */,
			);
			runOnlyForDeploymentPostprocessing = 0;
		};
/* End PBXFrameworksBuildPhase section */

/* Begin PBXGroup section */
		14A4A26C80E2A201FFABCF90 /* Frameworks */ = {
			isa = PBXGroup;
			children = (
				6AC65C4B5CF5F81E50E6980D /* libPods-ZhiHuDaily.a */,
			);
			name = Frameworks;
			sourceTree = "<group>";
		};
		6AE1366D5DDF8FA68E812F6E /* Pods */ = {
			isa = PBXGroup;
			children = (
				AC3A272BC98A4D0ED6975AD0 /* Pods-ZhiHuDaily.debug.xcconfig */,
				4D1D668AD06A4D89FA8CE809 /* Pods-ZhiHuDaily.release.xcconfig */,
			);
			name = Pods;
			sourceTree = "<group>";
		};
		BC68A2EB1D61BA9B00134CA2 = {
			isa = PBXGroup;
			children = (
				BC68A2F61D61BA9C00134CA2 /* ZhiHuDaily */,
				BC68A2F51D61BA9C00134CA2 /* Products */,
				6AE1366D5DDF8FA68E812F6E /* Pods */,
				14A4A26C80E2A201FFABCF90 /* Frameworks */,
			);
			sourceTree = "<group>";
		};
		BC68A2F51D61BA9C00134CA2 /* Products */ = {
			isa = PBXGroup;
			children = (
				BC68A2F41D61BA9C00134CA2 /* ZhiHuDaily.app */,
			);
			name = Products;
			sourceTree = "<group>";
		};
		BC68A2F61D61BA9C00134CA2 /* ZhiHuDaily */ = {
			isa = PBXGroup;
			children = (
				BCF4725C1D659F1500B17ACB /* 视图 */,
				BCF472551D659CB000B17ACB /* 模型 */,
				BCB6458F1D645BA800706DDB /* 控制器 */,
				BC68A3121D61BBCE00134CA2 /* 数据工具 */,
				BC68A3111D61BBA800134CA2 /* 其他 */,
				BC68A3001D61BA9C00134CA2 /* Main.storyboard */,
				BC68A3031D61BA9C00134CA2 /* Assets.xcassets */,
				BC68A3051D61BA9C00134CA2 /* LaunchScreen.storyboard */,
				BC68A2F71D61BA9C00134CA2 /* Supporting Files */,
			);
			path = ZhiHuDaily;
			sourceTree = "<group>";
		};
		BC68A2F71D61BA9C00134CA2 /* Supporting Files */ = {
			isa = PBXGroup;
			children = (
				BC68A2F81D61BA9C00134CA2 /* main.m */,
			);
			name = "Supporting Files";
			sourceTree = "<group>";
		};
		BC68A3111D61BBA800134CA2 /* 其他 */ = {
			isa = PBXGroup;
			children = (
				BC68A2FA1D61BA9C00134CA2 /* AppDelegate.h */,
				BC68A2FB1D61BA9C00134CA2 /* AppDelegate.m */,
				BC68A3081D61BA9C00134CA2 /* Info.plist */,
			);
			name = "其他";
			sourceTree = "<group>";
		};
		BC68A3121D61BBCE00134CA2 /* 数据工具 */ = {
			isa = PBXGroup;
			children = (
				BC68A3131D61BC2200134CA2 /* GNDataUtils.h */,
				BC68A3141D61BC2200134CA2 /* GNDataUtils.m */,
			);
			name = "数据工具";
			sourceTree = "<group>";
		};
		BCB6458F1D645BA800706DDB /* 控制器 */ = {
			isa = PBXGroup;
			children = (
				BCB645901D645BF300706DDB /* HomeViewController.h */,
				BCB645911D645BF300706DDB /* HomeViewController.m */,
				BC1D9B601D671C8B00E90F9D /* GNSideMenuViewController.h */,
				BC1D9B611D671C8B00E90F9D /* GNSideMenuViewController.m */,
				BC1D9B621D671C8B00E90F9D /* GNSideMenuViewController.xib */,
			);
			name = "控制器";
			sourceTree = "<group>";
		};
		BCF472551D659CB000B17ACB /* 模型 */ = {
			isa = PBXGroup;
			children = (
				BCF472561D659CF000B17ACB /* GNStory.h */,
				BCF472571D659CF000B17ACB /* GNStory.m */,
				BCF472591D659DF600B17ACB /* GNTopStory.h */,
				BCF4725A1D659DF600B17ACB /* GNTopStory.m */,
			);
			name = "模型";
			sourceTree = "<group>";
		};
		BCF4725C1D659F1500B17ACB /* 视图 */ = {
			isa = PBXGroup;
			children = (
				BC1D9B5B1D66E3A000E90F9D /* GNStoryCell.h */,
				BC1D9B5C1D66E3A000E90F9D /* GNStoryCell.m */,
				BC1D9B5D1D66E3A000E90F9D /* GNStoryCell.xib */,
				BCF472621D65B66800B17ACB /* GNBannerView.h */,
				BCF472631D65B66800B17ACB /* GNBannerView.m */,
				BCF472651D65B68C00B17ACB /* GNBannerView.xib */,
				BCF472671D65BF3300B17ACB /* GNCarouselView.h */,
				BCF472681D65BF3300B17ACB /* GNCarouselView.m */,
				BCF4726A1D65BF5700B17ACB /* GNCarouselView.xib */,
				BC1D9B651D6767DC00E90F9D /* GNSideMenuCell.h */,
				BC1D9B661D6767DC00E90F9D /* GNSideMenuCell.m */,
				BC1D9B671D6767DC00E90F9D /* GNSideMenuCell.xib */,
			);
			name = "视图";
			sourceTree = "<group>";
		};
/* End PBXGroup section */

/* Begin PBXNativeTarget section */
		BC68A2F31D61BA9C00134CA2 /* ZhiHuDaily */ = {
			isa = PBXNativeTarget;
			buildConfigurationList = BC68A30B1D61BA9C00134CA2 /* Build configuration list for PBXNativeTarget "ZhiHuDaily" */;
			buildPhases = (
				F50455BCE67CEB4BFED675A2 /* [CP] Check Pods Manifest.lock */,
				BC68A2F01D61BA9C00134CA2 /* Sources */,
				BC68A2F11D61BA9C00134CA2 /* Frameworks */,
				BC68A2F21D61BA9C00134CA2 /* Resources */,
				1B7DC03E6662135A673DE722 /* [CP] Embed Pods Frameworks */,
				CEA6CFC092FA861A2854C5B6 /* [CP] Copy Pods Resources */,
			);
			buildRules = (
			);
			dependencies = (
			);
			name = ZhiHuDaily;
			productName = ZhiHuDaily;
			productReference = BC68A2F41D61BA9C00134CA2 /* ZhiHuDaily.app */;
			productType = "com.apple.product-type.application";
		};
/* End PBXNativeTarget section */

/* Begin PBXProject section */
		BC68A2EC1D61BA9B00134CA2 /* Project object */ = {
			isa = PBXProject;
			attributes = {
				LastUpgradeCheck = 0730;
				ORGANIZATIONNAME = ZhuSunGongZuoShi;
				TargetAttributes = {
					BC68A2F31D61BA9C00134CA2 = {
						CreatedOnToolsVersion = 7.3.1;
					};
				};
			};
			buildConfigurationList = BC68A2EF1D61BA9B00134CA2 /* Build configuration list for PBXProject "ZhiHuDaily" */;
			compatibilityVersion = "Xcode 3.2";
			developmentRegion = English;
			hasScannedForEncodings = 0;
			knownRegions = (
				en,
				Base,
			);
			mainGroup = BC68A2EB1D61BA9B00134CA2;
			productRefGroup = BC68A2F51D61BA9C00134CA2 /* Products */;
			projectDirPath = "";
			projectRoot = "";
			targets = (
				BC68A2F31D61BA9C00134CA2 /* ZhiHuDaily */,
			);
		};
/* End PBXProject section */

/* Begin PBXResourcesBuildPhase section */
		BC68A2F21D61BA9C00134CA2 /* Resources */ = {
			isa = PBXResourcesBuildPhase;
			buildActionMask = 2147483647;
			files = (
				BC68A3071D61BA9C00134CA2 /* LaunchScreen.storyboard in Resources */,
				BCF472661D65B68C00B17ACB /* GNBannerView.xib in Resources */,
				BC1D9B691D6767DC00E90F9D /* GNSideMenuCell.xib in Resources */,
				BC1D9B5F1D66E3A000E90F9D /* GNStoryCell.xib in Resources */,
				BC1D9B641D671C8B00E90F9D /* GNSideMenuViewController.xib in Resources */,
				BC68A3041D61BA9C00134CA2 /* Assets.xcassets in Resources */,
				BC68A3021D61BA9C00134CA2 /* Main.storyboard in Resources */,
				BCF4726B1D65BF5700B17ACB /* GNCarouselView.xib in Resources */,
			);
			runOnlyForDeploymentPostprocessing = 0;
		};
/* End PBXResourcesBuildPhase section */

/* Begin PBXShellScriptBuildPhase section */
		1B7DC03E6662135A673DE722 /* [CP] Embed Pods Frameworks */ = {
			isa = PBXShellScriptBuildPhase;
			buildActionMask = 2147483647;
			files = (
			);
			inputPaths = (
			);
			name = "[CP] Embed Pods Frameworks";
			outputPaths = (
			);
			runOnlyForDeploymentPostprocessing = 0;
			shellPath = /bin/sh;
			shellScript = "\"${SRCROOT}/Pods/Target Support Files/Pods-ZhiHuDaily/Pods-ZhiHuDaily-frameworks.sh\"\n";
			showEnvVarsInLog = 0;
		};
		CEA6CFC092FA861A2854C5B6 /* [CP] Copy Pods Resources */ = {
			isa = PBXShellScriptBuildPhase;
			buildActionMask = 2147483647;
			files = (
			);
			inputPaths = (
			);
			name = "[CP] Copy Pods Resources";
			outputPaths = (
			);
			runOnlyForDeploymentPostprocessing = 0;
			shellPath = /bin/sh;
			shellScript = "\"${SRCROOT}/Pods/Target Support Files/Pods-ZhiHuDaily/Pods-ZhiHuDaily-resources.sh\"\n";
			showEnvVarsInLog = 0;
		};
		F50455BCE67CEB4BFED675A2 /* [CP] Check Pods Manifest.lock */ = {
			isa = PBXShellScriptBuildPhase;
			buildActionMask = 2147483647;
			files = (
			);
			inputPaths = (
			);
			name = "[CP] Check Pods Manifest.lock";
			outputPaths = (
			);
			runOnlyForDeploymentPostprocessing = 0;
			shellPath = /bin/sh;
			shellScript = "diff \"${PODS_ROOT}/../Podfile.lock\" \"${PODS_ROOT}/Manifest.lock\" > /dev/null\nif [[ $? != 0 ]] ; then\n    cat << EOM\nerror: The sandbox is not in sync with the Podfile.lock. Run 'pod install' or update your CocoaPods installation.\nEOM\n    exit 1\nfi\n";
			showEnvVarsInLog = 0;
		};
/* End PBXShellScriptBuildPhase section */

/* Begin PBXSourcesBuildPhase section */
		BC68A2F01D61BA9C00134CA2 /* Sources */ = {
			isa = PBXSourcesBuildPhase;
			buildActionMask = 2147483647;
			files = (
				BC68A3151D61BC2200134CA2 /* GNDataUtils.m in Sources */,
				BC68A2FC1D61BA9C00134CA2 /* AppDelegate.m in Sources */,
				BC1D9B681D6767DC00E90F9D /* GNSideMenuCell.m in Sources */,
				BCF4725B1D659DF600B17ACB /* GNTopStory.m in Sources */,
				BCF472581D659CF000B17ACB /* GNStory.m in Sources */,
				BC1D9B631D671C8B00E90F9D /* GNSideMenuViewController.m in Sources */,
				BC68A2F91D61BA9C00134CA2 /* main.m in Sources */,
				BCB645921D645BF300706DDB /* HomeViewController.m in Sources */,
				BCF472641D65B66800B17ACB /* GNBannerView.m in Sources */,
				BC1D9B5E1D66E3A000E90F9D /* GNStoryCell.m in Sources */,
				BCF472691D65BF3300B17ACB /* GNCarouselView.m in Sources */,
			);
			runOnlyForDeploymentPostprocessing = 0;
		};
/* End PBXSourcesBuildPhase section */

/* Begin PBXVariantGroup section */
		BC68A3001D61BA9C00134CA2 /* Main.storyboard */ = {
			isa = PBXVariantGroup;
			children = (
				BC68A3011D61BA9C00134CA2 /* Base */,
			);
			name = Main.storyboard;
			sourceTree = "<group>";
		};
		BC68A3051D61BA9C00134CA2 /* LaunchScreen.storyboard */ = {
			isa = PBXVariantGroup;
			children = (
				BC68A3061D61BA9C00134CA2 /* Base */,
			);
			name = LaunchScreen.storyboard;
			sourceTree = "<group>";
		};
/* End PBXVariantGroup section */

/* Begin XCBuildConfiguration section */
		BC68A3091D61BA9C00134CA2 /* Debug */ = {
			isa = XCBuildConfiguration;
			buildSettings = {
				ALWAYS_SEARCH_USER_PATHS = NO;
				CLANG_ANALYZER_NONNULL = YES;
				CLANG_CXX_LANGUAGE_STANDARD = "gnu++0x";
				CLANG_CXX_LIBRARY = "libc++";
				CLANG_ENABLE_MODULES = YES;
				CLANG_ENABLE_OBJC_ARC = YES;
				CLANG_WARN_BOOL_CONVERSION = YES;
				CLANG_WARN_CONSTANT_CONVERSION = YES;
				CLANG_WARN_DIRECT_OBJC_ISA_USAGE = YES_ERROR;
				CLANG_WARN_EMPTY_BODY = YES;
				CLANG_WARN_ENUM_CONVERSION = YES;
				CLANG_WARN_INT_CONVERSION = YES;
				CLANG_WARN_OBJC_ROOT_CLASS = YES_ERROR;
				CLANG_WARN_UNREACHABLE_CODE = YES;
				CLANG_WARN__DUPLICATE_METHOD_MATCH = YES;
				"CODE_SIGN_IDENTITY[sdk=iphoneos*]" = "iPhone Developer";
				COPY_PHASE_STRIP = NO;
				DEBUG_INFORMATION_FORMAT = dwarf;
				ENABLE_STRICT_OBJC_MSGSEND = YES;
				ENABLE_TESTABILITY = YES;
				GCC_C_LANGUAGE_STANDARD = gnu99;
				GCC_DYNAMIC_NO_PIC = NO;
				GCC_NO_COMMON_BLOCKS = YES;
				GCC_OPTIMIZATION_LEVEL = 0;
				GCC_PREPROCESSOR_DEFINITIONS = (
					"DEBUG=1",
					"$(inherited)",
				);
				GCC_WARN_64_TO_32_BIT_CONVERSION = YES;
				GCC_WARN_ABOUT_RETURN_TYPE = YES_ERROR;
				GCC_WARN_UNDECLARED_SELECTOR = YES;
				GCC_WARN_UNINITIALIZED_AUTOS = YES_AGGRESSIVE;
				GCC_WARN_UNUSED_FUNCTION = YES;
				GCC_WARN_UNUSED_VARIABLE = YES;
				IPHONEOS_DEPLOYMENT_TARGET = 9.3;
				MTL_ENABLE_DEBUG_INFO = YES;
				ONLY_ACTIVE_ARCH = YES;
				SDKROOT = iphoneos;
				TARGETED_DEVICE_FAMILY = "1,2";
			};
			name = Debug;
		};
		BC68A30A1D61BA9C00134CA2 /* Release */ = {
			isa = XCBuildConfiguration;
			buildSettings = {
				ALWAYS_SEARCH_USER_PATHS = NO;
				CLANG_ANALYZER_NONNULL = YES;
				CLANG_CXX_LANGUAGE_STANDARD = "gnu++0x";
				CLANG_CXX_LIBRARY = "libc++";
				CLANG_ENABLE_MODULES = YES;
				CLANG_ENABLE_OBJC_ARC = YES;
				CLANG_WARN_BOOL_CONVERSION = YES;
				CLANG_WARN_CONSTANT_CONVERSION = YES;
				CLANG_WARN_DIRECT_OBJC_ISA_USAGE = YES_ERROR;
				CLANG_WARN_EMPTY_BODY = YES;
				CLANG_WARN_ENUM_CONVERSION = YES;
				CLANG_WARN_INT_CONVERSION = YES;
				CLANG_WARN_OBJC_ROOT_CLASS = YES_ERROR;
				CLANG_WARN_UNREACHABLE_CODE = YES;
				CLANG_WARN__DUPLICATE_METHOD_MATCH = YES;
				"CODE_SIGN_IDENTITY[sdk=iphoneos*]" = "iPhone Developer";
				COPY_PHASE_STRIP = NO;
				DEBUG_INFORMATION_FORMAT = "dwarf-with-dsym";
				ENABLE_NS_ASSERTIONS = NO;
				ENABLE_STRICT_OBJC_MSGSEND = YES;
				GCC_C_LANGUAGE_STANDARD = gnu99;
				GCC_NO_COMMON_BLOCKS = YES;
				GCC_WARN_64_TO_32_BIT_CONVERSION = YES;
				GCC_WARN_ABOUT_RETURN_TYPE = YES_ERROR;
				GCC_WARN_UNDECLARED_SELECTOR = YES;
				GCC_WARN_UNINITIALIZED_AUTOS = YES_AGGRESSIVE;
				GCC_WARN_UNUSED_FUNCTION = YES;
				GCC_WARN_UNUSED_VARIABLE = YES;
				IPHONEOS_DEPLOYMENT_TARGET = 9.3;
				MTL_ENABLE_DEBUG_INFO = NO;
				SDKROOT = iphoneos;
				TARGETED_DEVICE_FAMILY = "1,2";
				VALIDATE_PRODUCT = YES;
			};
			name = Release;
		};
		BC68A30C1D61BA9C00134CA2 /* Debug */ = {
			isa = XCBuildConfiguration;
			baseConfigurationReference = AC3A272BC98A4D0ED6975AD0 /* Pods-ZhiHuDaily.debug.xcconfig */;
			buildSettings = {
				ASSETCATALOG_COMPILER_APPICON_NAME = AppIcon;
				INFOPLIST_FILE = ZhiHuDaily/Info.plist;
				LD_RUNPATH_SEARCH_PATHS = "$(inherited) @executable_path/Frameworks";
				PRODUCT_BUNDLE_IDENTIFIER = cn.zhusungongzuoshi.ZhiHuDaily;
				PRODUCT_NAME = "$(TARGET_NAME)";
			};
			name = Debug;
		};
		BC68A30D1D61BA9C00134CA2 /* Release */ = {
			isa = XCBuildConfiguration;
			baseConfigurationReference = 4D1D668AD06A4D89FA8CE809 /* Pods-ZhiHuDaily.release.xcconfig */;
			buildSettings = {
				ASSETCATALOG_COMPILER_APPICON_NAME = AppIcon;
				INFOPLIST_FILE = ZhiHuDaily/Info.plist;
				LD_RUNPATH_SEARCH_PATHS = "$(inherited) @executable_path/Frameworks";
				PRODUCT_BUNDLE_IDENTIFIER = cn.zhusungongzuoshi.ZhiHuDaily;
				PRODUCT_NAME = "$(TARGET_NAME)";
			};
			name = Release;
		};
/* End XCBuildConfiguration section */

/* Begin XCConfigurationList section */
		BC68A2EF1D61BA9B00134CA2 /* Build configuration list for PBXProject "ZhiHuDaily" */ = {
			isa = XCConfigurationList;
			buildConfigurations = (
				BC68A3091D61BA9C00134CA2 /* Debug */,
				BC68A30A1D61BA9C00134CA2 /* Release */,
			);
			defaultConfigurationIsVisible = 0;
			defaultConfigurationName = Release;
		};
		BC68A30B1D61BA9C00134CA2 /* Build configuration list for PBXNativeTarget "ZhiHuDaily" */ = {
			isa = XCConfigurationList;
			buildConfigurations = (
				BC68A30C1D61BA9C00134CA2 /* Debug */,
				BC68A30D1D61BA9C00134CA2 /* Release */,
			);
			defaultConfigurationIsVisible = 0;
			defaultConfigurationName = Release;
		};
/* End XCConfigurationList section */
	};
	rootObject = BC68A2EC1D61BA9B00134CA2 /* Project object */;
}
